{
  "name": "gameface-sample-ui-main",
  "version": "1.0.0",
  "lockfileVersion": 1,
  "requires": true,
  "dependencies": {
    "coherent-gameface-checkbox": {
      "version": "file:../../../components/checkbox/coherent-gameface-checkbox-1.0.0.tgz",
      "integrity": "sha512-rAzYdKNTgFHUj08wz/35n2XtMMHO9DCaT/38jfZKoHUDhj/yV/0Ct5RWCD9nQvGR96HDg5l5Jkt2my1OxRsWig==",
      "requires": {
        "coherent-gameface-components": "file:../../../lib/coherent-gameface-components-1.0.0.tgz"
      }
    },
    "coherent-gameface-components": {
      "version": "file:../../../lib/coherent-gameface-components-1.0.0.tgz",
      "integrity": "sha512-DB/u/oRMgy5LMmuCqA6B45pRon0YTPcwcRqfRuaI/qBxrwY2NJ4/cJH4uj97c624D7cKhaP6BbG9XtCaRtqbBA=="
    },
    "coherent-gameface-grid": {
      "version": "file:../../../components/grid/coherent-gameface-grid-1.0.0.tgz",
      "integrity": "sha512-osZnEglTxdIxC/XUW5EkQ2JNaj53T6Q5Welev5eLAdGAKAYVfLuuw4O3+BD/F1cIPwaMdpazEeLaz5P5IjGyag=="
    },
    "coherent-gameface-modal": {
      "version": "file:../../../components/modal/coherent-gameface-modal-1.0.0.tgz",
      "integrity": "sha512-w9A0QSzCHNn3vV75GZ/SU6HOk31Pgadr9zZKEFtYF0wWnCqr8Z8w5UPPkZ75ICwvxDTp61y9fNmoY15LaQbzhA==",
      "requires": {
        "coherent-gameface-components": "file:../../../lib/coherent-gameface-components-1.0.0.tgz"
      }
    },
    "coherent-gameface-tabs": {
      "version": "file:../../../components/tabs/coherent-gameface-tabs-1.0.0.tgz",
      "integrity": "sha512-VQEoI3QKfErktUyJwdb4NLWCgzhukU/+XoC4ZRUl3E3nQMENYLdY4VkPRMqwtyLm+zooTOjTFokpqhOnxbXJsQ==",
      "requires": {
        "coherent-gameface-components": "file:../../../lib/coherent-gameface-components-1.0.0.tgz"
      }
    },
    "gameface-menu": {
      "version": "file:../../../components/menu/gameface-menu-1.0.0.tgz",
      "integrity": "sha512-RWKxFsVc52eE/HZ+Jso/G2UgwRQLd2iR+cgu7LA+bYGZoKONWxdRB4NS6SSQm3ZbDh5g/Ri601N5NLB278Bp0Q==",
      "requires": {
        "coherent-gameface-components": "file:../../../lib/coherent-gameface-components-1.0.0.tgz",
        "postmessage-polyfill": "1.0.0",
        "whatwg-fetch": "3.4.1"
      }
    },
    "gameface-scrollable-container": {
      "version": "file:../../../components/scrollable-container/gameface-scrollable-container-1.0.0.tgz",
      "integrity": "sha512-vDBAqfstt41OcebQ0jXhVtO+ZA9ShAS1jpzKxBkrgR9cp0L2EoJZ0gmuK6EWiq+bHYy+f/PbKn7UzXK9C4L6vA==",
      "requires": {
        "coherent-gameface-components": "file:../../../lib/coherent-gameface-components-1.0.0.tgz",
        "postmessage-polyfill": "1.0.0",
        "slider": "file:../../../components/slider/slider-1.0.0.tgz",
        "whatwg-fetch": "3.4.1"
      }
    },
    "postmessage-polyfill": {
      "version": "1.0.0",
      "resolved": "https://registry.npmjs.org/postmessage-polyfill/-/postmessage-polyfill-1.0.0.tgz",
      "integrity": "sha1-0GQ6MOr730yNXuPXuyM04IWI6jY="
    },
    "slider": {
      "version": "file:../../../components/slider/slider-1.0.0.tgz",
      "integrity": "sha512-ZzoCfOcrxV/SqNFsz5AicJtKtCuqThmqMkDjBRjC7FrAxsOER3WzFjnNnJeLTaxiDvTltEkCCs+mPJuZV59wrg==",
      "requires": {
        "coherent-gameface-components": "file:../../../lib/coherent-gameface-components-1.0.0.tgz",
        "postmessage-polyfill": "1.0.0",
        "whatwg-fetch": "3.4.1"
      }
    },
    "whatwg-fetch": {
      "version": "3.4.1",
      "resolved": "https://registry.npmjs.org/whatwg-fetch/-/whatwg-fetch-3.4.1.tgz",
      "integrity": "sha512-sofZVzE1wKwO+EYPbWfiwzaKovWiZXf4coEzjGP9b2GBVgQRLQUZ2QcuPpQExGDAW5GItpEm6Tl4OU5mywnAoQ=="
    }
  }
}
