{
  "name": "coherent-gameface-router",
  "version": "3.1.1",
  "lockfileVersion": 3,
  "requires": true,
  "packages": {
    "": {
      "name": "coherent-gameface-router",
      "version": "3.1.1",
      "license": "ISC",
      "dependencies": {
        "coherent-gameface-components": "^3.0.0",
        "coherent-gameface-switch": "^3.1.0",
        "postmessage-polyfill": "1.0.0",
        "url-js": "^2.1.0",
        "whatwg-fetch": "3.4.1"
      }
    },
    "../../lib": {
      "name": "coherent-gameface-components",
      "version": "3.3.0",
      "license": "ISC"
    },
    "../switch": {
      "name": "coherent-gameface-switch",
      "version": "3.2.0",
      "license": "ISC",
      "dependencies": {
        "coherent-gameface-components": "^3.0.0",
        "postmessage-polyfill": "1.0.0",
        "whatwg-fetch": "3.4.1"
      }
    },
    "../switch/node_modules/coherent-gameface-components": {
      "resolved": "../../lib",
      "link": true
    },
    "../switch/node_modules/postmessage-polyfill": {
      "version": "1.0.0",
      "license": "ISC"
    },
    "../switch/node_modules/whatwg-fetch": {
      "version": "3.4.1",
      "license": "MIT"
    },
    "node_modules/coherent-gameface-components": {
      "resolved": "../../lib",
      "link": true
    },
    "node_modules/coherent-gameface-switch": {
      "resolved": "../switch",
      "link": true
    },
    "node_modules/postmessage-polyfill": {
      "version": "1.0.0",
      "license": "ISC"
    },
    "node_modules/url-js": {
      "version": "2.1.0",
      "license": "MIT"
    },
    "node_modules/whatwg-fetch": {
      "version": "3.4.1",
      "license": "MIT"
    }
  }
}
