{
  "name": "coherent-gameface-router",
  "version": "3.1.0",
  "lockfileVersion": 3,
  "requires": true,
  "packages": {
    "": {
      "name": "coherent-gameface-router",
      "version": "3.1.0",
      "license": "ISC",
      "dependencies": {
        "coherent-gameface-components": "^3.0.0",
        "coherent-gameface-switch": "^3.1.0",
        "postmessage-polyfill": "1.0.0",
        "url-js": "^2.1.0",
        "whatwg-fetch": "3.4.1"
      }
    },
    "../../lib": {
      "name": "coherent-gameface-components",
      "version": "3.2.0",
      "license": "ISC"
    },
    "node_modules/coherent-gameface-components": {
      "resolved": "../../lib",
      "link": true
    },
    "node_modules/coherent-gameface-switch": {
      "version": "3.1.0",
      "resolved": "https://registry.npmjs.org/coherent-gameface-switch/-/coherent-gameface-switch-3.1.0.tgz",
      "integrity": "sha512-4dG+IzYUO5E4GSyGqChN8m0Ba3bhdrk0n1I868DZOj7QAYvP6eWY5s3PRdmO93gO+W/JZgD2ijtPYDjRY6aAcw==",
      "dependencies": {
        "coherent-gameface-components": "^3.0.0",
        "postmessage-polyfill": "1.0.0",
        "whatwg-fetch": "3.4.1"
      }
    },
    "node_modules/postmessage-polyfill": {
      "version": "1.0.0",
      "license": "ISC"
    },
    "node_modules/url-js": {
      "version": "2.1.0",
      "resolved": "https://registry.npmjs.org/url-js/-/url-js-2.1.0.tgz",
      "integrity": "sha512-5nIm4Id/rI+MACiBSBUXtgVbHoPnxt7b68NFMcBXGroQHb/L13EMQeKlI+EpGy71XCSO+zeDRGVU91y02MZHQg=="
    },
    "node_modules/whatwg-fetch": {
      "version": "3.4.1",
      "license": "MIT"
    }
  }
}
