{
  "name": "gameface-router",
  "version": "1.0.0",
  "lockfileVersion": 1,
  "requires": true,
  "dependencies": {
    "coherent-gameface-components": {
      "version": "file:../../lib/coherent-gameface-components-1.0.0.tgz",
      "integrity": "sha512-DB/u/oRMgy5LMmuCqA6B45pRon0YTPcwcRqfRuaI/qBxrwY2NJ4/cJH4uj97c624D7cKhaP6BbG9XtCaRtqbBA=="
    },
    "postmessage-polyfill": {
      "version": "1.0.0",
      "resolved": "https://registry.npmjs.org/postmessage-polyfill/-/postmessage-polyfill-1.0.0.tgz",
      "integrity": "sha1-0GQ6MOr730yNXuPXuyM04IWI6jY="
    },
    "url-js": {
      "version": "0.2.5",
      "resolved": "https://registry.npmjs.org/url-js/-/url-js-0.2.5.tgz",
      "integrity": "sha512-JujFMSde/gpe6PUzC98qFatvJZ6XrHRq0LbYKzyKTIo5wKwPojqYr9B/638J8ga6Nx5uyKtz7VP6FLEL3fVXtg=="
    },
    "whatwg-fetch": {
      "version": "3.4.1",
      "resolved": "https://registry.npmjs.org/whatwg-fetch/-/whatwg-fetch-3.4.1.tgz",
      "integrity": "sha512-sofZVzE1wKwO+EYPbWfiwzaKovWiZXf4coEzjGP9b2GBVgQRLQUZ2QcuPpQExGDAW5GItpEm6Tl4OU5mywnAoQ=="
    }
  }
}
