{
  "name": "gameface-scrollable_container",
  "version": "1.0.0",
  "lockfileVersion": 1,
  "requires": true,
  "dependencies": {
    "coherent-gameface-components": {
      "version": "file:../../lib/coherent-gameface-components-1.0.0.tgz",
      "integrity": "sha512-foCsA4CpwRRQSKjk3BykMOh5Cav/QUbJVAOGSM9QtWPJvjlqVGM5j1cElPDCHd7jc2nD9YjSsHDn/BTZHufvhw=="
    },
    "postmessage-polyfill": {
      "version": "1.0.0",
      "resolved": "https://registry.npmjs.org/postmessage-polyfill/-/postmessage-polyfill-1.0.0.tgz",
      "integrity": "sha1-0GQ6MOr730yNXuPXuyM04IWI6jY="
    },
    "slider": {
      "version": "file:../slider/slider-1.0.0.tgz",
      "integrity": "sha512-FXGxTwb//UH/5lGtIVubKw5n8mLNikSzxzfjoY/yU8wxZXP8yhIaGzmJ5f4MCJm4I6Rwf0zDXUaazccEWPMZ/w==",
      "requires": {
        "coherent-gameface-components": "file:../../lib/coherent-gameface-components-1.0.0.tgz",
        "postmessage-polyfill": "1.0.0",
        "whatwg-fetch": "3.4.1"
      }
    },
    "whatwg-fetch": {
      "version": "3.4.1",
      "resolved": "https://registry.npmjs.org/whatwg-fetch/-/whatwg-fetch-3.4.1.tgz",
      "integrity": "sha512-sofZVzE1wKwO+EYPbWfiwzaKovWiZXf4coEzjGP9b2GBVgQRLQUZ2QcuPpQExGDAW5GItpEm6Tl4OU5mywnAoQ=="
    }
  }
}
