{
  "name": "gameface-scrollable_container",
  "version": "1.0.0",
  "lockfileVersion": 1,
  "requires": true,
  "dependencies": {
    "coherent-gameface-components": {
      "version": "file:../../lib/coherent-gameface-components-1.0.0.tgz",
      "integrity": "sha512-CDrJFgOpW8ZrEL2SbEO1zqvK66bDjo5GK0tJx5LYfCOXWxhBbEckXjHpQxDn/ysOF9l/LQRo8UBS5ijnD0x6Iw=="
    },
    "postmessage-polyfill": {
      "version": "1.0.0",
      "resolved": "https://registry.npmjs.org/postmessage-polyfill/-/postmessage-polyfill-1.0.0.tgz",
      "integrity": "sha1-0GQ6MOr730yNXuPXuyM04IWI6jY="
    },
    "slider": {
      "version": "file:../slider/slider-1.0.0.tgz",
      "integrity": "sha512-65AIASCLlgZ6YRfsXot6a4IpyYUT9oOsFP+aSF1P34hcqhoLLJqRR9YR0+lOI5mq3KJHWuITMr3JGm2GNHUlIA==",
      "requires": {
        "coherent-gameface-components": "file:../../lib/coherent-gameface-components-1.0.0.tgz",
        "postmessage-polyfill": "1.0.0",
        "whatwg-fetch": "3.4.1"
      }
    },
    "whatwg-fetch": {
      "version": "3.4.1",
      "resolved": "https://registry.npmjs.org/whatwg-fetch/-/whatwg-fetch-3.4.1.tgz",
      "integrity": "sha512-sofZVzE1wKwO+EYPbWfiwzaKovWiZXf4coEzjGP9b2GBVgQRLQUZ2QcuPpQExGDAW5GItpEm6Tl4OU5mywnAoQ=="
    }
  }
}
