{
  "name": "coherent-gameface-modal",
  "version": "1.0.0",
  "lockfileVersion": 1,
  "requires": true,
  "dependencies": {
    "coherent-gameface-components": {
      "version": "file:../../lib/coherent-gameface-components-1.0.0.tgz",
      "integrity": "sha512-EMLJ2xtJ2WZIr/1+a8FDm15cy9Mx3bxOtLA3zqGSuhjvC+owCVXe2QM6aEkXxQ+zg5Ec6b7fEnogQl7w4qSzEA=="
    }
  }
}
