{
  "name": "gameface-menu",
  "version": "1.0.0",
  "lockfileVersion": 1,
  "requires": true,
  "dependencies": {
    "coherent-gameface-components": {
      "version": "file:../../lib/coherent-gameface-components-1.0.0.tgz",
      "integrity": "sha512-AQ4ckgLh59MI701VtjaCYo9d4IyqYNiauF2olwfgklqc42fyWXElF9Jp9c/JZ7Gf0RRkHBoP1ziqftHeeTuQzw=="
    },
    "postmessage-polyfill": {
      "version": "1.0.0",
      "resolved": "https://registry.npmjs.org/postmessage-polyfill/-/postmessage-polyfill-1.0.0.tgz",
      "integrity": "sha1-0GQ6MOr730yNXuPXuyM04IWI6jY="
    },
    "whatwg-fetch": {
      "version": "3.4.1",
      "resolved": "https://registry.npmjs.org/whatwg-fetch/-/whatwg-fetch-3.4.1.tgz",
      "integrity": "sha512-sofZVzE1wKwO+EYPbWfiwzaKovWiZXf4coEzjGP9b2GBVgQRLQUZ2QcuPpQExGDAW5GItpEm6Tl4OU5mywnAoQ=="
    }
  }
}
